
Microsoft Visual Studio Solution File, Format Version 12.00
# Visual Studio 14
VisualStudioVersion = 14.0.23107.0
MinimumVisualStudioVersion = 10.0.40219.1
Project("{2150E333-8FDC-42A3-9474-1A3956D46DE8}") = "UGDK", "UGDK", "{F5B9729D-B1C8-4685-92AB-5AC14962ED0E}"
EndProject
Project("{8BC9CEB8-8B4A-11D0-8D11-00A0C91BC942}") = "UGDK.Shared", "UGDK\UGDK.Shared\UGDK.Shared.vcxitems", "{9A2952BA-1034-446B-BEC9-6A2B2B50B296}"
EndProject
Project("{8BC9CEB8-8B4A-11D0-8D11-00A0C91BC942}") = "UGDK.iOS.StaticLibrary", "UGDK\UGDK.iOS.StaticLibrary\UGDK.iOS.StaticLibrary.vcxproj", "{C98773CB-5816-47AE-94DF-240E2E4B0B9A}"
EndProject
Project("{8BC9CEB8-8B4A-11D0-8D11-00A0C91BC942}") = "UGDK.WindowsUniversal.StaticLibrary", "UGDK\UGDK.WindowsUniversal.StaticLibrary\UGDK.WindowsUniversal.StaticLibrary.vcxproj", "{57EF1BF6-585A-4548-A997-04B458C2C63B}"
	ProjectSection(ProjectDependencies) = postProject
		{C8DF6173-06A1-4F56-A9BC-2002596B30E9} = {C8DF6173-06A1-4F56-A9BC-2002596B30E9}
	EndProjectSection
EndProject
Project("{8BC9CEB8-8B4A-11D0-8D11-00A0C91BC942}") = "UGDK.Android.StaticLibrary", "UGDK\UGDK.Android.StaticLibrary\UGDK.Android.StaticLibrary.vcxproj", "{74BA2AD8-BA52-4F97-8198-A73ABC86FE51}"
EndProject
Project("{2150E333-8FDC-42A3-9474-1A3956D46DE8}") = "SDL", "SDL", "{6AF11961-8596-4E1D-AFF6-AF4D18BD80F1}"
EndProject
Project("{8BC9CEB8-8B4A-11D0-8D11-00A0C91BC942}") = "SDL2-UWP", "..\externals\sdl2\WindowsUWP\SDL-UWP.vcxproj", "{C8DF6173-06A1-4F56-A9BC-2002596B30E9}"
EndProject
Project("{2150E333-8FDC-42A3-9474-1A3956D46DE8}") = "Lua", "Lua", "{6B4FD5A9-26C7-4DDF-9711-8B1CDA04DDB7}"
EndProject
Project("{8BC9CEB8-8B4A-11D0-8D11-00A0C91BC942}") = "Lua.Android.StaticLibrary", "Lua\Lua.Android.StaticLibrary\Lua.Android.StaticLibrary.vcxproj", "{0746BD3E-3603-4D7A-9ECF-4E555C6B9C97}"
EndProject
Project("{8BC9CEB8-8B4A-11D0-8D11-00A0C91BC942}") = "Lua.iOS.StaticLibrary", "Lua\Lua.iOS.StaticLibrary\Lua.iOS.StaticLibrary.vcxproj", "{E9561CE6-A71D-45DB-B44A-30C234DEE56A}"
EndProject
Project("{8BC9CEB8-8B4A-11D0-8D11-00A0C91BC942}") = "Lua.Shared", "Lua\Lua.Shared\Lua.Shared.vcxitems", "{F4861C4E-61A8-4CB3-9B96-F5A523B248E1}"
EndProject
Project("{8BC9CEB8-8B4A-11D0-8D11-00A0C91BC942}") = "Lua.WindowsUniversal.StaticLibrary", "Lua\Lua.WindowsUniversal.StaticLibrary\Lua.WindowsUniversal.StaticLibrary.vcxproj", "{6B264E17-8E7C-40AE-8B93-556E54570EFD}"
EndProject
Project("{2150E333-8FDC-42A3-9474-1A3956D46DE8}") = "Json", "Json", "{51439EEA-D978-4540-8B0C-298561B2638F}"
EndProject
Project("{8BC9CEB8-8B4A-11D0-8D11-00A0C91BC942}") = "Json.Android.StaticLibrary", "Json\Json.Android.StaticLibrary\Json.Android.StaticLibrary.vcxproj", "{25E145ED-DDCF-4716-88EC-1314863FBE1E}"
EndProject
Project("{8BC9CEB8-8B4A-11D0-8D11-00A0C91BC942}") = "Json.iOS.StaticLibrary", "Json\Json.iOS.StaticLibrary\Json.iOS.StaticLibrary.vcxproj", "{CEB0220B-34B2-4D3C-A1D5-EB90D25BBAA6}"
EndProject
Project("{8BC9CEB8-8B4A-11D0-8D11-00A0C91BC942}") = "Json.Shared", "Json\Json.Shared\Json.Shared.vcxitems", "{3888D0F2-6349-431C-BB59-53A4F906BA39}"
EndProject
Project("{8BC9CEB8-8B4A-11D0-8D11-00A0C91BC942}") = "Json.WindowsUniversal.StaticLibrary", "Json\Json.WindowsUniversal.StaticLibrary\Json.WindowsUniversal.StaticLibrary.vcxproj", "{8EA91E85-B972-4887-A90A-D68CB0F573AE}"
EndProject
Project("{2150E333-8FDC-42A3-9474-1A3956D46DE8}") = "Freetype", "Freetype", "{6E352251-8B4F-464C-851A-96B874274DEE}"
EndProject
Project("{8BC9CEB8-8B4A-11D0-8D11-00A0C91BC942}") = "Freetype.Android.StaticLibrary", "Freetype\Freetype.Android.StaticLibrary\Freetype.Android.StaticLibrary.vcxproj", "{BB78C21B-140E-4BBD-9CA0-F04EDE4FF039}"
EndProject
Project("{8BC9CEB8-8B4A-11D0-8D11-00A0C91BC942}") = "Freetype.iOS.StaticLibrary", "Freetype\Freetype.iOS.StaticLibrary\Freetype.iOS.StaticLibrary.vcxproj", "{F61945BE-1109-4775-8061-133D56ECB441}"
EndProject
Project("{8BC9CEB8-8B4A-11D0-8D11-00A0C91BC942}") = "Freetype.Shared", "Freetype\Freetype.Shared\Freetype.Shared.vcxitems", "{AECF8592-365F-4411-8B79-158D92ADC40A}"
EndProject
Project("{8BC9CEB8-8B4A-11D0-8D11-00A0C91BC942}") = "Freetype.WindowsUniversal.StaticLibrary", "Freetype\Freetype.WindowsUniversal.StaticLibrary\Freetype.WindowsUniversal.StaticLibrary.vcxproj", "{8DD66271-1B6F-419C-BE43-3AF6A7D422E8}"
EndProject
Project("{2150E333-8FDC-42A3-9474-1A3956D46DE8}") = "SDL_mixer", "SDL_mixer", "{3D39B8A5-D954-4465-9990-F3F3D1CCA377}"
EndProject
Project("{8BC9CEB8-8B4A-11D0-8D11-00A0C91BC942}") = "libogg_static-UWP", "..\externals\sdl2-mixer\WindowsUWP\libogg_static-UWP.vcxproj", "{6BC6349C-E355-4F1C-9290-FF755114A84B}"
EndProject
Project("{8BC9CEB8-8B4A-11D0-8D11-00A0C91BC942}") = "libvorbis_static-UWP", "..\externals\sdl2-mixer\WindowsUWP\libvorbis_static-UWP.vcxproj", "{E3AB27F1-EB89-4C65-85DF-CB6A4F805753}"
EndProject
Project("{8BC9CEB8-8B4A-11D0-8D11-00A0C91BC942}") = "libvorbisfile_static-UWP", "..\externals\sdl2-mixer\WindowsUWP\libvorbisfile_static-UWP.vcxproj", "{936B2819-2364-45D9-901D-52878914FAFA}"
EndProject
Project("{8BC9CEB8-8B4A-11D0-8D11-00A0C91BC942}") = "SDL2_mixer-UWP", "..\externals\sdl2-mixer\WindowsUWP\SDL_mixer-UWP.vcxproj", "{3A833C7A-C776-4202-9DBD-BC879B23C605}"
EndProject
Project("{2150E333-8FDC-42A3-9474-1A3956D46DE8}") = "Windows", "Windows", "{16E0E654-7BAA-4F69-8B4D-19C8BDA16220}"
EndProject
Project("{2150E333-8FDC-42A3-9474-1A3956D46DE8}") = "SDL_image", "SDL_image", "{C55CFA3E-0B6E-42B1-AF91-286920052A5E}"
EndProject
Project("{2150E333-8FDC-42A3-9474-1A3956D46DE8}") = "Windows", "Windows", "{9BA3F9DB-2011-45B6-9D15-52EBB9883418}"
EndProject
Project("{8BC9CEB8-8B4A-11D0-8D11-00A0C91BC942}") = "libpng-UWP", "..\externals\sdl2-image\WindowsUWP\libpng-UWP.vcxproj", "{5FBDC49A-7939-40F9-B78E-975F190ADBD3}"
EndProject
Project("{8BC9CEB8-8B4A-11D0-8D11-00A0C91BC942}") = "zlib-UWP", "..\externals\sdl2-image\WindowsUWP\zlib-UWP.vcxproj", "{ACEA4101-6F4A-44ED-9EC1-289821DAC711}"
EndProject
Project("{8BC9CEB8-8B4A-11D0-8D11-00A0C91BC942}") = "SDL2_image-UWP", "..\externals\sdl2-image\WindowsUWP\SDL_image-UWP.vcxproj", "{29B4D11F-59F3-4EBC-A769-3BABD140DB9A}"
EndProject
Project("{2150E333-8FDC-42A3-9474-1A3956D46DE8}") = "FreetypeGL", "FreetypeGL", "{C3F96354-2D00-4FCF-9B6C-B5464AD739ED}"
EndProject
Project("{8BC9CEB8-8B4A-11D0-8D11-00A0C91BC942}") = "FreetypeGL.Android.StaticLibrary", "FreetypeGL\FreetypeGL.Android.StaticLibrary\FreetypeGL.Android.StaticLibrary.vcxproj", "{6F2E1CD7-E6AD-4C1D-A170-A56EB94A05ED}"
EndProject
Project("{8BC9CEB8-8B4A-11D0-8D11-00A0C91BC942}") = "FreetypeGL.iOS.StaticLibrary", "FreetypeGL\FreetypeGL.iOS.StaticLibrary\FreetypeGL.iOS.StaticLibrary.vcxproj", "{517F462B-7DA3-45E9-B16C-C63FD44AC661}"
EndProject
Project("{8BC9CEB8-8B4A-11D0-8D11-00A0C91BC942}") = "FreetypeGL.Shared", "FreetypeGL\FreetypeGL.Shared\FreetypeGL.Shared.vcxitems", "{1CCB3FEC-324E-4740-8DE8-7378CAB241C2}"
EndProject
Project("{8BC9CEB8-8B4A-11D0-8D11-00A0C91BC942}") = "FreetypeGL.WindowsUniversal.StaticLibrary", "FreetypeGL\FreetypeGL.WindowsUniversal.StaticLibrary\FreetypeGL.WindowsUniversal.StaticLibrary.vcxproj", "{F6DFBEE5-8A18-4280-8221-F542D2A737C5}"
EndProject
Global
	GlobalSection(SharedMSBuildProjectFiles) = preSolution
		FreetypeGL\FreetypeGL.Shared\FreetypeGL.Shared.vcxitems*{f6dfbee5-8a18-4280-8221-f542d2a737c5}*SharedItemsImports = 4
		Freetype\Freetype.Shared\Freetype.Shared.vcxitems*{aecf8592-365f-4411-8b79-158d92adc40a}*SharedItemsImports = 9
		Freetype\Freetype.Shared\Freetype.Shared.vcxitems*{8dd66271-1b6f-419c-be43-3af6a7d422e8}*SharedItemsImports = 4
		Lua\Lua.Shared\Lua.Shared.vcxitems*{6b264e17-8e7c-40ae-8b93-556e54570efd}*SharedItemsImports = 4
		UGDK\UGDK.Shared\UGDK.Shared.vcxitems*{c98773cb-5816-47ae-94df-240e2e4b0b9a}*SharedItemsImports = 4
		UGDK\UGDK.Shared\UGDK.Shared.vcxitems*{9a2952ba-1034-446b-bec9-6a2b2b50b296}*SharedItemsImports = 9
		Json\Json.Shared\Json.Shared.vcxitems*{8ea91e85-b972-4887-a90a-d68cb0f573ae}*SharedItemsImports = 4
		FreetypeGL\FreetypeGL.Shared\FreetypeGL.Shared.vcxitems*{517f462b-7da3-45e9-b16c-c63fd44ac661}*SharedItemsImports = 4
		Json\Json.Shared\Json.Shared.vcxitems*{25e145ed-ddcf-4716-88ec-1314863fbe1e}*SharedItemsImports = 4
		Freetype\Freetype.Shared\Freetype.Shared.vcxitems*{f61945be-1109-4775-8061-133d56ecb441}*SharedItemsImports = 4
		Json\Json.Shared\Json.Shared.vcxitems*{3888d0f2-6349-431c-bb59-53a4f906ba39}*SharedItemsImports = 9
		UGDK\UGDK.Shared\UGDK.Shared.vcxitems*{57ef1bf6-585a-4548-a997-04b458c2c63b}*SharedItemsImports = 4
		Json\Json.Shared\Json.Shared.vcxitems*{ceb0220b-34b2-4d3c-a1d5-eb90d25bbaa6}*SharedItemsImports = 4
		FreetypeGL\FreetypeGL.Shared\FreetypeGL.Shared.vcxitems*{6f2e1cd7-e6ad-4c1d-a170-a56eb94a05ed}*SharedItemsImports = 4
		Freetype\Freetype.Shared\Freetype.Shared.vcxitems*{bb78c21b-140e-4bbd-9ca0-f04ede4ff039}*SharedItemsImports = 4
		Lua\Lua.Shared\Lua.Shared.vcxitems*{f4861c4e-61a8-4cb3-9b96-f5a523b248e1}*SharedItemsImports = 9
		UGDK\UGDK.Shared\UGDK.Shared.vcxitems*{74ba2ad8-ba52-4f97-8198-a73abc86fe51}*SharedItemsImports = 4
		Lua\Lua.Shared\Lua.Shared.vcxitems*{e9561ce6-a71d-45db-b44a-30c234dee56a}*SharedItemsImports = 4
		Lua\Lua.Shared\Lua.Shared.vcxitems*{0746bd3e-3603-4d7a-9ecf-4e555c6b9c97}*SharedItemsImports = 4
	EndGlobalSection
	GlobalSection(SolutionConfigurationPlatforms) = preSolution
		Debug|ARM = Debug|ARM
		Debug|x64 = Debug|x64
		Debug|x86 = Debug|x86
		Release|ARM = Release|ARM
		Release|x64 = Release|x64
		Release|x86 = Release|x86
	EndGlobalSection
	GlobalSection(ProjectConfigurationPlatforms) = postSolution
		{C98773CB-5816-47AE-94DF-240E2E4B0B9A}.Debug|ARM.ActiveCfg = Debug|ARM
		{C98773CB-5816-47AE-94DF-240E2E4B0B9A}.Debug|ARM.Build.0 = Debug|ARM
		{C98773CB-5816-47AE-94DF-240E2E4B0B9A}.Debug|x64.ActiveCfg = Debug|x86
		{C98773CB-5816-47AE-94DF-240E2E4B0B9A}.Debug|x86.ActiveCfg = Debug|x86
		{C98773CB-5816-47AE-94DF-240E2E4B0B9A}.Debug|x86.Build.0 = Debug|x86
		{C98773CB-5816-47AE-94DF-240E2E4B0B9A}.Release|ARM.ActiveCfg = Release|ARM
		{C98773CB-5816-47AE-94DF-240E2E4B0B9A}.Release|ARM.Build.0 = Release|ARM
		{C98773CB-5816-47AE-94DF-240E2E4B0B9A}.Release|x64.ActiveCfg = Release|x86
		{C98773CB-5816-47AE-94DF-240E2E4B0B9A}.Release|x86.ActiveCfg = Release|x86
		{C98773CB-5816-47AE-94DF-240E2E4B0B9A}.Release|x86.Build.0 = Release|x86
		{57EF1BF6-585A-4548-A997-04B458C2C63B}.Debug|ARM.ActiveCfg = Debug|ARM
		{57EF1BF6-585A-4548-A997-04B458C2C63B}.Debug|ARM.Build.0 = Debug|ARM
		{57EF1BF6-585A-4548-A997-04B458C2C63B}.Debug|x64.ActiveCfg = Debug|x64
		{57EF1BF6-585A-4548-A997-04B458C2C63B}.Debug|x64.Build.0 = Debug|x64
		{57EF1BF6-585A-4548-A997-04B458C2C63B}.Debug|x86.ActiveCfg = Debug|Win32
		{57EF1BF6-585A-4548-A997-04B458C2C63B}.Debug|x86.Build.0 = Debug|Win32
		{57EF1BF6-585A-4548-A997-04B458C2C63B}.Release|ARM.ActiveCfg = Release|ARM
		{57EF1BF6-585A-4548-A997-04B458C2C63B}.Release|ARM.Build.0 = Release|ARM
		{57EF1BF6-585A-4548-A997-04B458C2C63B}.Release|x64.ActiveCfg = Release|x64
		{57EF1BF6-585A-4548-A997-04B458C2C63B}.Release|x64.Build.0 = Release|x64
		{57EF1BF6-585A-4548-A997-04B458C2C63B}.Release|x86.ActiveCfg = Release|Win32
		{57EF1BF6-585A-4548-A997-04B458C2C63B}.Release|x86.Build.0 = Release|Win32
		{74BA2AD8-BA52-4F97-8198-A73ABC86FE51}.Debug|ARM.ActiveCfg = Debug|ARM
		{74BA2AD8-BA52-4F97-8198-A73ABC86FE51}.Debug|ARM.Build.0 = Debug|ARM
		{74BA2AD8-BA52-4F97-8198-A73ABC86FE51}.Debug|x64.ActiveCfg = Debug|x86
		{74BA2AD8-BA52-4F97-8198-A73ABC86FE51}.Debug|x86.ActiveCfg = Debug|x86
		{74BA2AD8-BA52-4F97-8198-A73ABC86FE51}.Debug|x86.Build.0 = Debug|x86
		{74BA2AD8-BA52-4F97-8198-A73ABC86FE51}.Release|ARM.ActiveCfg = Release|ARM
		{74BA2AD8-BA52-4F97-8198-A73ABC86FE51}.Release|ARM.Build.0 = Release|ARM
		{74BA2AD8-BA52-4F97-8198-A73ABC86FE51}.Release|x64.ActiveCfg = Release|x86
		{74BA2AD8-BA52-4F97-8198-A73ABC86FE51}.Release|x86.ActiveCfg = Release|x86
		{74BA2AD8-BA52-4F97-8198-A73ABC86FE51}.Release|x86.Build.0 = Release|x86
		{C8DF6173-06A1-4F56-A9BC-2002596B30E9}.Debug|ARM.ActiveCfg = Debug|ARM
		{C8DF6173-06A1-4F56-A9BC-2002596B30E9}.Debug|ARM.Build.0 = Debug|ARM
		{C8DF6173-06A1-4F56-A9BC-2002596B30E9}.Debug|x64.ActiveCfg = Debug|x64
		{C8DF6173-06A1-4F56-A9BC-2002596B30E9}.Debug|x64.Build.0 = Debug|x64
		{C8DF6173-06A1-4F56-A9BC-2002596B30E9}.Debug|x86.ActiveCfg = Debug|Win32
		{C8DF6173-06A1-4F56-A9BC-2002596B30E9}.Debug|x86.Build.0 = Debug|Win32
		{C8DF6173-06A1-4F56-A9BC-2002596B30E9}.Release|ARM.ActiveCfg = Release|ARM
		{C8DF6173-06A1-4F56-A9BC-2002596B30E9}.Release|ARM.Build.0 = Release|ARM
		{C8DF6173-06A1-4F56-A9BC-2002596B30E9}.Release|x64.ActiveCfg = Release|x64
		{C8DF6173-06A1-4F56-A9BC-2002596B30E9}.Release|x64.Build.0 = Release|x64
		{C8DF6173-06A1-4F56-A9BC-2002596B30E9}.Release|x86.ActiveCfg = Release|Win32
		{C8DF6173-06A1-4F56-A9BC-2002596B30E9}.Release|x86.Build.0 = Release|Win32
		{0746BD3E-3603-4D7A-9ECF-4E555C6B9C97}.Debug|ARM.ActiveCfg = Debug|ARM
		{0746BD3E-3603-4D7A-9ECF-4E555C6B9C97}.Debug|ARM.Build.0 = Debug|ARM
		{0746BD3E-3603-4D7A-9ECF-4E555C6B9C97}.Debug|x64.ActiveCfg = Debug|x86
		{0746BD3E-3603-4D7A-9ECF-4E555C6B9C97}.Debug|x86.ActiveCfg = Debug|x86
		{0746BD3E-3603-4D7A-9ECF-4E555C6B9C97}.Debug|x86.Build.0 = Debug|x86
		{0746BD3E-3603-4D7A-9ECF-4E555C6B9C97}.Release|ARM.ActiveCfg = Release|ARM
		{0746BD3E-3603-4D7A-9ECF-4E555C6B9C97}.Release|ARM.Build.0 = Release|ARM
		{0746BD3E-3603-4D7A-9ECF-4E555C6B9C97}.Release|x64.ActiveCfg = Release|x86
		{0746BD3E-3603-4D7A-9ECF-4E555C6B9C97}.Release|x86.ActiveCfg = Release|x86
		{0746BD3E-3603-4D7A-9ECF-4E555C6B9C97}.Release|x86.Build.0 = Release|x86
		{E9561CE6-A71D-45DB-B44A-30C234DEE56A}.Debug|ARM.ActiveCfg = Debug|ARM
		{E9561CE6-A71D-45DB-B44A-30C234DEE56A}.Debug|ARM.Build.0 = Debug|ARM
		{E9561CE6-A71D-45DB-B44A-30C234DEE56A}.Debug|x64.ActiveCfg = Debug|x86
		{E9561CE6-A71D-45DB-B44A-30C234DEE56A}.Debug|x86.ActiveCfg = Debug|x86
		{E9561CE6-A71D-45DB-B44A-30C234DEE56A}.Debug|x86.Build.0 = Debug|x86
		{E9561CE6-A71D-45DB-B44A-30C234DEE56A}.Release|ARM.ActiveCfg = Release|ARM
		{E9561CE6-A71D-45DB-B44A-30C234DEE56A}.Release|ARM.Build.0 = Release|ARM
		{E9561CE6-A71D-45DB-B44A-30C234DEE56A}.Release|x64.ActiveCfg = Release|x86
		{E9561CE6-A71D-45DB-B44A-30C234DEE56A}.Release|x86.ActiveCfg = Release|x86
		{E9561CE6-A71D-45DB-B44A-30C234DEE56A}.Release|x86.Build.0 = Release|x86
		{6B264E17-8E7C-40AE-8B93-556E54570EFD}.Debug|ARM.ActiveCfg = Debug|ARM
		{6B264E17-8E7C-40AE-8B93-556E54570EFD}.Debug|ARM.Build.0 = Debug|ARM
		{6B264E17-8E7C-40AE-8B93-556E54570EFD}.Debug|x64.ActiveCfg = Debug|x64
		{6B264E17-8E7C-40AE-8B93-556E54570EFD}.Debug|x64.Build.0 = Debug|x64
		{6B264E17-8E7C-40AE-8B93-556E54570EFD}.Debug|x86.ActiveCfg = Debug|Win32
		{6B264E17-8E7C-40AE-8B93-556E54570EFD}.Debug|x86.Build.0 = Debug|Win32
		{6B264E17-8E7C-40AE-8B93-556E54570EFD}.Release|ARM.ActiveCfg = Release|ARM
		{6B264E17-8E7C-40AE-8B93-556E54570EFD}.Release|ARM.Build.0 = Release|ARM
		{6B264E17-8E7C-40AE-8B93-556E54570EFD}.Release|x64.ActiveCfg = Release|x64
		{6B264E17-8E7C-40AE-8B93-556E54570EFD}.Release|x64.Build.0 = Release|x64
		{6B264E17-8E7C-40AE-8B93-556E54570EFD}.Release|x86.ActiveCfg = Release|Win32
		{6B264E17-8E7C-40AE-8B93-556E54570EFD}.Release|x86.Build.0 = Release|Win32
		{25E145ED-DDCF-4716-88EC-1314863FBE1E}.Debug|ARM.ActiveCfg = Debug|ARM
		{25E145ED-DDCF-4716-88EC-1314863FBE1E}.Debug|ARM.Build.0 = Debug|ARM
		{25E145ED-DDCF-4716-88EC-1314863FBE1E}.Debug|x64.ActiveCfg = Debug|x86
		{25E145ED-DDCF-4716-88EC-1314863FBE1E}.Debug|x86.ActiveCfg = Debug|x86
		{25E145ED-DDCF-4716-88EC-1314863FBE1E}.Debug|x86.Build.0 = Debug|x86
		{25E145ED-DDCF-4716-88EC-1314863FBE1E}.Release|ARM.ActiveCfg = Release|ARM
		{25E145ED-DDCF-4716-88EC-1314863FBE1E}.Release|ARM.Build.0 = Release|ARM
		{25E145ED-DDCF-4716-88EC-1314863FBE1E}.Release|x64.ActiveCfg = Release|x86
		{25E145ED-DDCF-4716-88EC-1314863FBE1E}.Release|x86.ActiveCfg = Release|x86
		{25E145ED-DDCF-4716-88EC-1314863FBE1E}.Release|x86.Build.0 = Release|x86
		{CEB0220B-34B2-4D3C-A1D5-EB90D25BBAA6}.Debug|ARM.ActiveCfg = Debug|ARM
		{CEB0220B-34B2-4D3C-A1D5-EB90D25BBAA6}.Debug|ARM.Build.0 = Debug|ARM
		{CEB0220B-34B2-4D3C-A1D5-EB90D25BBAA6}.Debug|x64.ActiveCfg = Debug|x86
		{CEB0220B-34B2-4D3C-A1D5-EB90D25BBAA6}.Debug|x86.ActiveCfg = Debug|x86
		{CEB0220B-34B2-4D3C-A1D5-EB90D25BBAA6}.Debug|x86.Build.0 = Debug|x86
		{CEB0220B-34B2-4D3C-A1D5-EB90D25BBAA6}.Release|ARM.ActiveCfg = Release|ARM
		{CEB0220B-34B2-4D3C-A1D5-EB90D25BBAA6}.Release|ARM.Build.0 = Release|ARM
		{CEB0220B-34B2-4D3C-A1D5-EB90D25BBAA6}.Release|x64.ActiveCfg = Release|x86
		{CEB0220B-34B2-4D3C-A1D5-EB90D25BBAA6}.Release|x86.ActiveCfg = Release|x86
		{CEB0220B-34B2-4D3C-A1D5-EB90D25BBAA6}.Release|x86.Build.0 = Release|x86
		{8EA91E85-B972-4887-A90A-D68CB0F573AE}.Debug|ARM.ActiveCfg = Debug|ARM
		{8EA91E85-B972-4887-A90A-D68CB0F573AE}.Debug|ARM.Build.0 = Debug|ARM
		{8EA91E85-B972-4887-A90A-D68CB0F573AE}.Debug|x64.ActiveCfg = Debug|x64
		{8EA91E85-B972-4887-A90A-D68CB0F573AE}.Debug|x64.Build.0 = Debug|x64
		{8EA91E85-B972-4887-A90A-D68CB0F573AE}.Debug|x86.ActiveCfg = Debug|Win32
		{8EA91E85-B972-4887-A90A-D68CB0F573AE}.Debug|x86.Build.0 = Debug|Win32
		{8EA91E85-B972-4887-A90A-D68CB0F573AE}.Release|ARM.ActiveCfg = Release|ARM
		{8EA91E85-B972-4887-A90A-D68CB0F573AE}.Release|ARM.Build.0 = Release|ARM
		{8EA91E85-B972-4887-A90A-D68CB0F573AE}.Release|x64.ActiveCfg = Release|x64
		{8EA91E85-B972-4887-A90A-D68CB0F573AE}.Release|x64.Build.0 = Release|x64
		{8EA91E85-B972-4887-A90A-D68CB0F573AE}.Release|x86.ActiveCfg = Release|Win32
		{8EA91E85-B972-4887-A90A-D68CB0F573AE}.Release|x86.Build.0 = Release|Win32
		{BB78C21B-140E-4BBD-9CA0-F04EDE4FF039}.Debug|ARM.ActiveCfg = Debug|ARM
		{BB78C21B-140E-4BBD-9CA0-F04EDE4FF039}.Debug|ARM.Build.0 = Debug|ARM
		{BB78C21B-140E-4BBD-9CA0-F04EDE4FF039}.Debug|x64.ActiveCfg = Debug|x86
		{BB78C21B-140E-4BBD-9CA0-F04EDE4FF039}.Debug|x86.ActiveCfg = Debug|x86
		{BB78C21B-140E-4BBD-9CA0-F04EDE4FF039}.Debug|x86.Build.0 = Debug|x86
		{BB78C21B-140E-4BBD-9CA0-F04EDE4FF039}.Release|ARM.ActiveCfg = Release|ARM
		{BB78C21B-140E-4BBD-9CA0-F04EDE4FF039}.Release|ARM.Build.0 = Release|ARM
		{BB78C21B-140E-4BBD-9CA0-F04EDE4FF039}.Release|x64.ActiveCfg = Release|x86
		{BB78C21B-140E-4BBD-9CA0-F04EDE4FF039}.Release|x86.ActiveCfg = Release|x86
		{BB78C21B-140E-4BBD-9CA0-F04EDE4FF039}.Release|x86.Build.0 = Release|x86
		{F61945BE-1109-4775-8061-133D56ECB441}.Debug|ARM.ActiveCfg = Debug|ARM
		{F61945BE-1109-4775-8061-133D56ECB441}.Debug|ARM.Build.0 = Debug|ARM
		{F61945BE-1109-4775-8061-133D56ECB441}.Debug|x64.ActiveCfg = Debug|x86
		{F61945BE-1109-4775-8061-133D56ECB441}.Debug|x86.ActiveCfg = Debug|x86
		{F61945BE-1109-4775-8061-133D56ECB441}.Debug|x86.Build.0 = Debug|x86
		{F61945BE-1109-4775-8061-133D56ECB441}.Release|ARM.ActiveCfg = Release|ARM
		{F61945BE-1109-4775-8061-133D56ECB441}.Release|ARM.Build.0 = Release|ARM
		{F61945BE-1109-4775-8061-133D56ECB441}.Release|x64.ActiveCfg = Release|x86
		{F61945BE-1109-4775-8061-133D56ECB441}.Release|x86.ActiveCfg = Release|x86
		{F61945BE-1109-4775-8061-133D56ECB441}.Release|x86.Build.0 = Release|x86
		{8DD66271-1B6F-419C-BE43-3AF6A7D422E8}.Debug|ARM.ActiveCfg = Debug|ARM
		{8DD66271-1B6F-419C-BE43-3AF6A7D422E8}.Debug|ARM.Build.0 = Debug|ARM
		{8DD66271-1B6F-419C-BE43-3AF6A7D422E8}.Debug|x64.ActiveCfg = Debug|x64
		{8DD66271-1B6F-419C-BE43-3AF6A7D422E8}.Debug|x64.Build.0 = Debug|x64
		{8DD66271-1B6F-419C-BE43-3AF6A7D422E8}.Debug|x86.ActiveCfg = Debug|Win32
		{8DD66271-1B6F-419C-BE43-3AF6A7D422E8}.Debug|x86.Build.0 = Debug|Win32
		{8DD66271-1B6F-419C-BE43-3AF6A7D422E8}.Release|ARM.ActiveCfg = Release|ARM
		{8DD66271-1B6F-419C-BE43-3AF6A7D422E8}.Release|ARM.Build.0 = Release|ARM
		{8DD66271-1B6F-419C-BE43-3AF6A7D422E8}.Release|x64.ActiveCfg = Release|x64
		{8DD66271-1B6F-419C-BE43-3AF6A7D422E8}.Release|x64.Build.0 = Release|x64
		{8DD66271-1B6F-419C-BE43-3AF6A7D422E8}.Release|x86.ActiveCfg = Release|Win32
		{8DD66271-1B6F-419C-BE43-3AF6A7D422E8}.Release|x86.Build.0 = Release|Win32
		{6BC6349C-E355-4F1C-9290-FF755114A84B}.Debug|ARM.ActiveCfg = Debug|ARM
		{6BC6349C-E355-4F1C-9290-FF755114A84B}.Debug|ARM.Build.0 = Debug|ARM
		{6BC6349C-E355-4F1C-9290-FF755114A84B}.Debug|x64.ActiveCfg = Debug|x64
		{6BC6349C-E355-4F1C-9290-FF755114A84B}.Debug|x64.Build.0 = Debug|x64
		{6BC6349C-E355-4F1C-9290-FF755114A84B}.Debug|x86.ActiveCfg = Debug|Win32
		{6BC6349C-E355-4F1C-9290-FF755114A84B}.Debug|x86.Build.0 = Debug|Win32
		{6BC6349C-E355-4F1C-9290-FF755114A84B}.Release|ARM.ActiveCfg = Release|ARM
		{6BC6349C-E355-4F1C-9290-FF755114A84B}.Release|ARM.Build.0 = Release|ARM
		{6BC6349C-E355-4F1C-9290-FF755114A84B}.Release|x64.ActiveCfg = Release|x64
		{6BC6349C-E355-4F1C-9290-FF755114A84B}.Release|x64.Build.0 = Release|x64
		{6BC6349C-E355-4F1C-9290-FF755114A84B}.Release|x86.ActiveCfg = Release|Win32
		{6BC6349C-E355-4F1C-9290-FF755114A84B}.Release|x86.Build.0 = Release|Win32
		{E3AB27F1-EB89-4C65-85DF-CB6A4F805753}.Debug|ARM.ActiveCfg = Debug|ARM
		{E3AB27F1-EB89-4C65-85DF-CB6A4F805753}.Debug|ARM.Build.0 = Debug|ARM
		{E3AB27F1-EB89-4C65-85DF-CB6A4F805753}.Debug|x64.ActiveCfg = Debug|x64
		{E3AB27F1-EB89-4C65-85DF-CB6A4F805753}.Debug|x64.Build.0 = Debug|x64
		{E3AB27F1-EB89-4C65-85DF-CB6A4F805753}.Debug|x86.ActiveCfg = Debug|Win32
		{E3AB27F1-EB89-4C65-85DF-CB6A4F805753}.Debug|x86.Build.0 = Debug|Win32
		{E3AB27F1-EB89-4C65-85DF-CB6A4F805753}.Release|ARM.ActiveCfg = Release|ARM
		{E3AB27F1-EB89-4C65-85DF-CB6A4F805753}.Release|ARM.Build.0 = Release|ARM
		{E3AB27F1-EB89-4C65-85DF-CB6A4F805753}.Release|x64.ActiveCfg = Release|x64
		{E3AB27F1-EB89-4C65-85DF-CB6A4F805753}.Release|x64.Build.0 = Release|x64
		{E3AB27F1-EB89-4C65-85DF-CB6A4F805753}.Release|x86.ActiveCfg = Release|Win32
		{E3AB27F1-EB89-4C65-85DF-CB6A4F805753}.Release|x86.Build.0 = Release|Win32
		{936B2819-2364-45D9-901D-52878914FAFA}.Debug|ARM.ActiveCfg = Debug|ARM
		{936B2819-2364-45D9-901D-52878914FAFA}.Debug|ARM.Build.0 = Debug|ARM
		{936B2819-2364-45D9-901D-52878914FAFA}.Debug|x64.ActiveCfg = Debug|x64
		{936B2819-2364-45D9-901D-52878914FAFA}.Debug|x64.Build.0 = Debug|x64
		{936B2819-2364-45D9-901D-52878914FAFA}.Debug|x86.ActiveCfg = Debug|Win32
		{936B2819-2364-45D9-901D-52878914FAFA}.Debug|x86.Build.0 = Debug|Win32
		{936B2819-2364-45D9-901D-52878914FAFA}.Release|ARM.ActiveCfg = Release|ARM
		{936B2819-2364-45D9-901D-52878914FAFA}.Release|ARM.Build.0 = Release|ARM
		{936B2819-2364-45D9-901D-52878914FAFA}.Release|x64.ActiveCfg = Release|x64
		{936B2819-2364-45D9-901D-52878914FAFA}.Release|x64.Build.0 = Release|x64
		{936B2819-2364-45D9-901D-52878914FAFA}.Release|x86.ActiveCfg = Release|Win32
		{936B2819-2364-45D9-901D-52878914FAFA}.Release|x86.Build.0 = Release|Win32
		{3A833C7A-C776-4202-9DBD-BC879B23C605}.Debug|ARM.ActiveCfg = Debug|ARM
		{3A833C7A-C776-4202-9DBD-BC879B23C605}.Debug|ARM.Build.0 = Debug|ARM
		{3A833C7A-C776-4202-9DBD-BC879B23C605}.Debug|x64.ActiveCfg = Debug|x64
		{3A833C7A-C776-4202-9DBD-BC879B23C605}.Debug|x64.Build.0 = Debug|x64
		{3A833C7A-C776-4202-9DBD-BC879B23C605}.Debug|x86.ActiveCfg = Debug|Win32
		{3A833C7A-C776-4202-9DBD-BC879B23C605}.Debug|x86.Build.0 = Debug|Win32
		{3A833C7A-C776-4202-9DBD-BC879B23C605}.Release|ARM.ActiveCfg = Release|ARM
		{3A833C7A-C776-4202-9DBD-BC879B23C605}.Release|ARM.Build.0 = Release|ARM
		{3A833C7A-C776-4202-9DBD-BC879B23C605}.Release|x64.ActiveCfg = Release|x64
		{3A833C7A-C776-4202-9DBD-BC879B23C605}.Release|x64.Build.0 = Release|x64
		{3A833C7A-C776-4202-9DBD-BC879B23C605}.Release|x86.ActiveCfg = Release|Win32
		{3A833C7A-C776-4202-9DBD-BC879B23C605}.Release|x86.Build.0 = Release|Win32
		{5FBDC49A-7939-40F9-B78E-975F190ADBD3}.Debug|ARM.ActiveCfg = Debug|ARM
		{5FBDC49A-7939-40F9-B78E-975F190ADBD3}.Debug|ARM.Build.0 = Debug|ARM
		{5FBDC49A-7939-40F9-B78E-975F190ADBD3}.Debug|x64.ActiveCfg = Debug|x64
		{5FBDC49A-7939-40F9-B78E-975F190ADBD3}.Debug|x64.Build.0 = Debug|x64
		{5FBDC49A-7939-40F9-B78E-975F190ADBD3}.Debug|x86.ActiveCfg = Debug|Win32
		{5FBDC49A-7939-40F9-B78E-975F190ADBD3}.Debug|x86.Build.0 = Debug|Win32
		{5FBDC49A-7939-40F9-B78E-975F190ADBD3}.Release|ARM.ActiveCfg = Release|ARM
		{5FBDC49A-7939-40F9-B78E-975F190ADBD3}.Release|ARM.Build.0 = Release|ARM
		{5FBDC49A-7939-40F9-B78E-975F190ADBD3}.Release|x64.ActiveCfg = Release|x64
		{5FBDC49A-7939-40F9-B78E-975F190ADBD3}.Release|x64.Build.0 = Release|x64
		{5FBDC49A-7939-40F9-B78E-975F190ADBD3}.Release|x86.ActiveCfg = Release|Win32
		{5FBDC49A-7939-40F9-B78E-975F190ADBD3}.Release|x86.Build.0 = Release|Win32
		{ACEA4101-6F4A-44ED-9EC1-289821DAC711}.Debug|ARM.ActiveCfg = Debug|ARM
		{ACEA4101-6F4A-44ED-9EC1-289821DAC711}.Debug|ARM.Build.0 = Debug|ARM
		{ACEA4101-6F4A-44ED-9EC1-289821DAC711}.Debug|x64.ActiveCfg = Debug|x64
		{ACEA4101-6F4A-44ED-9EC1-289821DAC711}.Debug|x64.Build.0 = Debug|x64
		{ACEA4101-6F4A-44ED-9EC1-289821DAC711}.Debug|x86.ActiveCfg = Debug|Win32
		{ACEA4101-6F4A-44ED-9EC1-289821DAC711}.Debug|x86.Build.0 = Debug|Win32
		{ACEA4101-6F4A-44ED-9EC1-289821DAC711}.Release|ARM.ActiveCfg = Release|ARM
		{ACEA4101-6F4A-44ED-9EC1-289821DAC711}.Release|ARM.Build.0 = Release|ARM
		{ACEA4101-6F4A-44ED-9EC1-289821DAC711}.Release|x64.ActiveCfg = Release|x64
		{ACEA4101-6F4A-44ED-9EC1-289821DAC711}.Release|x64.Build.0 = Release|x64
		{ACEA4101-6F4A-44ED-9EC1-289821DAC711}.Release|x86.ActiveCfg = Release|Win32
		{ACEA4101-6F4A-44ED-9EC1-289821DAC711}.Release|x86.Build.0 = Release|Win32
		{29B4D11F-59F3-4EBC-A769-3BABD140DB9A}.Debug|ARM.ActiveCfg = Debug|ARM
		{29B4D11F-59F3-4EBC-A769-3BABD140DB9A}.Debug|ARM.Build.0 = Debug|ARM
		{29B4D11F-59F3-4EBC-A769-3BABD140DB9A}.Debug|x64.ActiveCfg = Debug|x64
		{29B4D11F-59F3-4EBC-A769-3BABD140DB9A}.Debug|x64.Build.0 = Debug|x64
		{29B4D11F-59F3-4EBC-A769-3BABD140DB9A}.Debug|x86.ActiveCfg = Debug|Win32
		{29B4D11F-59F3-4EBC-A769-3BABD140DB9A}.Debug|x86.Build.0 = Debug|Win32
		{29B4D11F-59F3-4EBC-A769-3BABD140DB9A}.Release|ARM.ActiveCfg = Release|ARM
		{29B4D11F-59F3-4EBC-A769-3BABD140DB9A}.Release|ARM.Build.0 = Release|ARM
		{29B4D11F-59F3-4EBC-A769-3BABD140DB9A}.Release|x64.ActiveCfg = Release|x64
		{29B4D11F-59F3-4EBC-A769-3BABD140DB9A}.Release|x64.Build.0 = Release|x64
		{29B4D11F-59F3-4EBC-A769-3BABD140DB9A}.Release|x86.ActiveCfg = Release|Win32
		{29B4D11F-59F3-4EBC-A769-3BABD140DB9A}.Release|x86.Build.0 = Release|Win32
		{6F2E1CD7-E6AD-4C1D-A170-A56EB94A05ED}.Debug|ARM.ActiveCfg = Debug|ARM
		{6F2E1CD7-E6AD-4C1D-A170-A56EB94A05ED}.Debug|ARM.Build.0 = Debug|ARM
		{6F2E1CD7-E6AD-4C1D-A170-A56EB94A05ED}.Debug|x64.ActiveCfg = Debug|x86
		{6F2E1CD7-E6AD-4C1D-A170-A56EB94A05ED}.Debug|x86.ActiveCfg = Debug|x86
		{6F2E1CD7-E6AD-4C1D-A170-A56EB94A05ED}.Debug|x86.Build.0 = Debug|x86
		{6F2E1CD7-E6AD-4C1D-A170-A56EB94A05ED}.Release|ARM.ActiveCfg = Release|ARM
		{6F2E1CD7-E6AD-4C1D-A170-A56EB94A05ED}.Release|ARM.Build.0 = Release|ARM
		{6F2E1CD7-E6AD-4C1D-A170-A56EB94A05ED}.Release|x64.ActiveCfg = Release|x86
		{6F2E1CD7-E6AD-4C1D-A170-A56EB94A05ED}.Release|x86.ActiveCfg = Release|x86
		{6F2E1CD7-E6AD-4C1D-A170-A56EB94A05ED}.Release|x86.Build.0 = Release|x86
		{517F462B-7DA3-45E9-B16C-C63FD44AC661}.Debug|ARM.ActiveCfg = Debug|ARM
		{517F462B-7DA3-45E9-B16C-C63FD44AC661}.Debug|ARM.Build.0 = Debug|ARM
		{517F462B-7DA3-45E9-B16C-C63FD44AC661}.Debug|x64.ActiveCfg = Debug|x86
		{517F462B-7DA3-45E9-B16C-C63FD44AC661}.Debug|x86.ActiveCfg = Debug|x86
		{517F462B-7DA3-45E9-B16C-C63FD44AC661}.Debug|x86.Build.0 = Debug|x86
		{517F462B-7DA3-45E9-B16C-C63FD44AC661}.Release|ARM.ActiveCfg = Release|ARM
		{517F462B-7DA3-45E9-B16C-C63FD44AC661}.Release|ARM.Build.0 = Release|ARM
		{517F462B-7DA3-45E9-B16C-C63FD44AC661}.Release|x64.ActiveCfg = Release|x86
		{517F462B-7DA3-45E9-B16C-C63FD44AC661}.Release|x86.ActiveCfg = Release|x86
		{517F462B-7DA3-45E9-B16C-C63FD44AC661}.Release|x86.Build.0 = Release|x86
		{F6DFBEE5-8A18-4280-8221-F542D2A737C5}.Debug|ARM.ActiveCfg = Debug|ARM
		{F6DFBEE5-8A18-4280-8221-F542D2A737C5}.Debug|ARM.Build.0 = Debug|ARM
		{F6DFBEE5-8A18-4280-8221-F542D2A737C5}.Debug|x64.ActiveCfg = Debug|x64
		{F6DFBEE5-8A18-4280-8221-F542D2A737C5}.Debug|x64.Build.0 = Debug|x64
		{F6DFBEE5-8A18-4280-8221-F542D2A737C5}.Debug|x86.ActiveCfg = Debug|Win32
		{F6DFBEE5-8A18-4280-8221-F542D2A737C5}.Debug|x86.Build.0 = Debug|Win32
		{F6DFBEE5-8A18-4280-8221-F542D2A737C5}.Release|ARM.ActiveCfg = Release|ARM
		{F6DFBEE5-8A18-4280-8221-F542D2A737C5}.Release|ARM.Build.0 = Release|ARM
		{F6DFBEE5-8A18-4280-8221-F542D2A737C5}.Release|x64.ActiveCfg = Release|x64
		{F6DFBEE5-8A18-4280-8221-F542D2A737C5}.Release|x64.Build.0 = Release|x64
		{F6DFBEE5-8A18-4280-8221-F542D2A737C5}.Release|x86.ActiveCfg = Release|Win32
		{F6DFBEE5-8A18-4280-8221-F542D2A737C5}.Release|x86.Build.0 = Release|Win32
	EndGlobalSection
	GlobalSection(SolutionProperties) = preSolution
		HideSolutionNode = FALSE
	EndGlobalSection
	GlobalSection(NestedProjects) = preSolution
		{9A2952BA-1034-446B-BEC9-6A2B2B50B296} = {F5B9729D-B1C8-4685-92AB-5AC14962ED0E}
		{C98773CB-5816-47AE-94DF-240E2E4B0B9A} = {F5B9729D-B1C8-4685-92AB-5AC14962ED0E}
		{57EF1BF6-585A-4548-A997-04B458C2C63B} = {F5B9729D-B1C8-4685-92AB-5AC14962ED0E}
		{74BA2AD8-BA52-4F97-8198-A73ABC86FE51} = {F5B9729D-B1C8-4685-92AB-5AC14962ED0E}
		{C8DF6173-06A1-4F56-A9BC-2002596B30E9} = {6AF11961-8596-4E1D-AFF6-AF4D18BD80F1}
		{0746BD3E-3603-4D7A-9ECF-4E555C6B9C97} = {6B4FD5A9-26C7-4DDF-9711-8B1CDA04DDB7}
		{E9561CE6-A71D-45DB-B44A-30C234DEE56A} = {6B4FD5A9-26C7-4DDF-9711-8B1CDA04DDB7}
		{F4861C4E-61A8-4CB3-9B96-F5A523B248E1} = {6B4FD5A9-26C7-4DDF-9711-8B1CDA04DDB7}
		{6B264E17-8E7C-40AE-8B93-556E54570EFD} = {6B4FD5A9-26C7-4DDF-9711-8B1CDA04DDB7}
		{25E145ED-DDCF-4716-88EC-1314863FBE1E} = {51439EEA-D978-4540-8B0C-298561B2638F}
		{CEB0220B-34B2-4D3C-A1D5-EB90D25BBAA6} = {51439EEA-D978-4540-8B0C-298561B2638F}
		{3888D0F2-6349-431C-BB59-53A4F906BA39} = {51439EEA-D978-4540-8B0C-298561B2638F}
		{8EA91E85-B972-4887-A90A-D68CB0F573AE} = {51439EEA-D978-4540-8B0C-298561B2638F}
		{BB78C21B-140E-4BBD-9CA0-F04EDE4FF039} = {6E352251-8B4F-464C-851A-96B874274DEE}
		{F61945BE-1109-4775-8061-133D56ECB441} = {6E352251-8B4F-464C-851A-96B874274DEE}
		{AECF8592-365F-4411-8B79-158D92ADC40A} = {6E352251-8B4F-464C-851A-96B874274DEE}
		{8DD66271-1B6F-419C-BE43-3AF6A7D422E8} = {6E352251-8B4F-464C-851A-96B874274DEE}
		{6BC6349C-E355-4F1C-9290-FF755114A84B} = {16E0E654-7BAA-4F69-8B4D-19C8BDA16220}
		{E3AB27F1-EB89-4C65-85DF-CB6A4F805753} = {16E0E654-7BAA-4F69-8B4D-19C8BDA16220}
		{936B2819-2364-45D9-901D-52878914FAFA} = {16E0E654-7BAA-4F69-8B4D-19C8BDA16220}
		{3A833C7A-C776-4202-9DBD-BC879B23C605} = {16E0E654-7BAA-4F69-8B4D-19C8BDA16220}
		{16E0E654-7BAA-4F69-8B4D-19C8BDA16220} = {3D39B8A5-D954-4465-9990-F3F3D1CCA377}
		{9BA3F9DB-2011-45B6-9D15-52EBB9883418} = {C55CFA3E-0B6E-42B1-AF91-286920052A5E}
		{5FBDC49A-7939-40F9-B78E-975F190ADBD3} = {9BA3F9DB-2011-45B6-9D15-52EBB9883418}
		{ACEA4101-6F4A-44ED-9EC1-289821DAC711} = {9BA3F9DB-2011-45B6-9D15-52EBB9883418}
		{29B4D11F-59F3-4EBC-A769-3BABD140DB9A} = {9BA3F9DB-2011-45B6-9D15-52EBB9883418}
		{6F2E1CD7-E6AD-4C1D-A170-A56EB94A05ED} = {C3F96354-2D00-4FCF-9B6C-B5464AD739ED}
		{517F462B-7DA3-45E9-B16C-C63FD44AC661} = {C3F96354-2D00-4FCF-9B6C-B5464AD739ED}
		{1CCB3FEC-324E-4740-8DE8-7378CAB241C2} = {C3F96354-2D00-4FCF-9B6C-B5464AD739ED}
		{F6DFBEE5-8A18-4280-8221-F542D2A737C5} = {C3F96354-2D00-4FCF-9B6C-B5464AD739ED}
	EndGlobalSection
EndGlobal
