<?xml version="1.0" encoding="utf-8"?>
<Project ToolsVersion="4.0" xmlns="http://schemas.microsoft.com/developer/msbuild/2003">
  <ItemGroup>
    <ClCompile Include="C:\Users\home\Documents\Visual Studio 2010\Projects\Horus Eye\ugdk\examples\asteroids-script\src\asteroids.cc">
      <Filter>Source Files</Filter>
    </ClCompile>
    <ClCompile Include="src\scriptentity.cc" />
    <ClCompile Include="src\scriptentitystack.cc" />
    <ClCompile Include="src\scriptscene.cc" />
  </ItemGroup>
  <ItemGroup>
    <None Include="data\scripts\MapGenerator.py" />
    <None Include="data\scripts\Ship.py" />
    <None Include="data\scripts\Radio.py" />
    <None Include="data\scripts\Projectile.py" />
    <None Include="data\scripts\BasicEntity.py" />
    <None Include="data\scripts\Asteroid.py" />
    <None Include="data\scripts\EntityUI.py" />
    <None Include="data\scripts\BarUI.py" />
    <None Include="data\scripts\Shockwave.py" />
    <None Include="data\scripts\Planet.py" />
    <None Include="data\scripts\Gravity.py" />
    <None Include="data\scripts\Config.py" />
  </ItemGroup>
  <ItemGroup>
    <ClInclude Include="src\scriptentity.h" />
    <ClInclude Include="src\scriptentitystack.h" />
    <ClInclude Include="src\scriptscene.h" />
  </ItemGroup>
  <ItemGroup>
    <CustomBuild Include="CMakeLists.txt" />
  </ItemGroup>
  <ItemGroup>
    <Filter Include="Source Files">
      <UniqueIdentifier>{B0A7D4D1-058F-4D9A-8A1D-146B91B23A9A}</UniqueIdentifier>
    </Filter>
  </ItemGroup>
  <ItemGroup>
  </ItemGroup>
</Project>